
Microsoft Visual Studio Solution File, Format Version 12.00
# Visual Studio Version 17
VisualStudioVersion = 17.12.35707.178
MinimumVisualStudioVersion = 10.0.40219.1
Project("{FAE04EC0-301F-11D3-BF4B-00C04F79EFBC}") = "IG.Scripting", "src\IG.Scripting\IG.Scripting.csproj", "{22D4BA6E-C469-4F3E-8D28-FE67388E06E7}"
EndProject
Project("{FAE04EC0-301F-11D3-BF4B-00C04F79EFBC}") = "Tests_IG.Scripting", "src\Tests_IG.Scripting\Tests_IG.Scripting.csproj", "{FD627183-28DD-4234-B747-6EFEEA291E7F}"
EndProject
Global
	GlobalSection(SolutionConfigurationPlatforms) = preSolution
		Debug|Any CPU = Debug|Any CPU
		Release|Any CPU = Release|Any CPU
	EndGlobalSection
	GlobalSection(ProjectConfigurationPlatforms) = postSolution
		{22D4BA6E-C469-4F3E-8D28-FE67388E06E7}.Debug|Any CPU.ActiveCfg = Debug|Any CPU
		{22D4BA6E-C469-4F3E-8D28-FE67388E06E7}.Debug|Any CPU.Build.0 = Debug|Any CPU
		{22D4BA6E-C469-4F3E-8D28-FE67388E06E7}.Release|Any CPU.ActiveCfg = Release|Any CPU
		{22D4BA6E-C469-4F3E-8D28-FE67388E06E7}.Release|Any CPU.Build.0 = Release|Any CPU
		{FD627183-28DD-4234-B747-6EFEEA291E7F}.Debug|Any CPU.ActiveCfg = Debug|Any CPU
		{FD627183-28DD-4234-B747-6EFEEA291E7F}.Debug|Any CPU.Build.0 = Debug|Any CPU
		{FD627183-28DD-4234-B747-6EFEEA291E7F}.Release|Any CPU.ActiveCfg = Release|Any CPU
		{FD627183-28DD-4234-B747-6EFEEA291E7F}.Release|Any CPU.Build.0 = Release|Any CPU
	EndGlobalSection
	GlobalSection(SolutionProperties) = preSolution
		HideSolutionNode = FALSE
	EndGlobalSection
EndGlobal
