
Microsoft Visual Studio Solution File, Format Version 12.00
# Visual Studio Version 17
VisualStudioVersion = 17.12.35707.178
MinimumVisualStudioVersion = 10.0.40219.1
Project("{2150E333-8FDC-42A3-9474-1A3956D46DE8}") = "External", "External", "{6F7BD4E0-E7F3-4235-987B-EDC52C2FE25B}"
EndProject
Project("{2150E333-8FDC-42A3-9474-1A3956D46DE8}") = "Dependencies", "Dependencies", "{08A352A6-C128-4679-980A-C9B658F182B4}"
EndProject
Project("{2150E333-8FDC-42A3-9474-1A3956D46DE8}") = "IGLibModules", "IGLibModules", "{F86C1DA2-8F39-4D74-AC44-AFB86797C1AC}"
EndProject
Project("{FAE04EC0-301F-11D3-BF4B-00C04F79EFBC}") = "IGLib.Core", "..\IGLibCore\src\IGLib.Core\IGLib.Core.csproj", "{B95F1406-17E2-4630-8116-750FFDA3A395}"
EndProject
Project("{FAE04EC0-301F-11D3-BF4B-00C04F79EFBC}") = "IGLib.Graphics3D.Tests", "tests\IGLib.Graphics3D.Tests\IGLib.Graphics3D.Tests.csproj", "{3AB5EFA1-CDC5-4B2F-8831-F3EA2A2F5ECE}"
EndProject
Project("{FAE04EC0-301F-11D3-BF4B-00C04F79EFBC}") = "IGLib.Graphics3D", "src\IGLib.Graphics3D\IGLib.Graphics3D.csproj", "{4A2A98DA-1FDF-4154-A807-297D9A6698E1}"
EndProject
Project("{2150E333-8FDC-42A3-9474-1A3956D46DE8}") = "0_SolutionItems", "0_SolutionItems", "{CB1B7E08-2967-435C-A5BC-85DDB2C2A491}"
	ProjectSection(SolutionItems) = preProject
		ajgorhoe_IGLib.modules.IGLibGraphics3D.url = ajgorhoe_IGLib.modules.IGLibGraphics3D.url
		LICENSE.md = LICENSE.md
		README.md = README.md
	EndProjectSection
EndProject
Project("{FAE04EC0-301F-11D3-BF4B-00C04F79EFBC}") = "IGLib.TestBase", "..\IGLibCore\tests\IGLib.TestBase\IGLib.TestBase.csproj", "{381BCB6E-F5CF-777C-1AED-4DA261403F4F}"
EndProject
Global
	GlobalSection(SolutionConfigurationPlatforms) = preSolution
		Debug|Any CPU = Debug|Any CPU
		Release|Any CPU = Release|Any CPU
	EndGlobalSection
	GlobalSection(ProjectConfigurationPlatforms) = postSolution
		{B95F1406-17E2-4630-8116-750FFDA3A395}.Debug|Any CPU.ActiveCfg = Debug|Any CPU
		{B95F1406-17E2-4630-8116-750FFDA3A395}.Debug|Any CPU.Build.0 = Debug|Any CPU
		{B95F1406-17E2-4630-8116-750FFDA3A395}.Release|Any CPU.ActiveCfg = Release|Any CPU
		{B95F1406-17E2-4630-8116-750FFDA3A395}.Release|Any CPU.Build.0 = Release|Any CPU
		{3AB5EFA1-CDC5-4B2F-8831-F3EA2A2F5ECE}.Debug|Any CPU.ActiveCfg = Debug|Any CPU
		{3AB5EFA1-CDC5-4B2F-8831-F3EA2A2F5ECE}.Debug|Any CPU.Build.0 = Debug|Any CPU
		{3AB5EFA1-CDC5-4B2F-8831-F3EA2A2F5ECE}.Release|Any CPU.ActiveCfg = Release|Any CPU
		{3AB5EFA1-CDC5-4B2F-8831-F3EA2A2F5ECE}.Release|Any CPU.Build.0 = Release|Any CPU
		{4A2A98DA-1FDF-4154-A807-297D9A6698E1}.Debug|Any CPU.ActiveCfg = Debug|Any CPU
		{4A2A98DA-1FDF-4154-A807-297D9A6698E1}.Debug|Any CPU.Build.0 = Debug|Any CPU
		{4A2A98DA-1FDF-4154-A807-297D9A6698E1}.Release|Any CPU.ActiveCfg = Release|Any CPU
		{4A2A98DA-1FDF-4154-A807-297D9A6698E1}.Release|Any CPU.Build.0 = Release|Any CPU
		{381BCB6E-F5CF-777C-1AED-4DA261403F4F}.Debug|Any CPU.ActiveCfg = Debug|Any CPU
		{381BCB6E-F5CF-777C-1AED-4DA261403F4F}.Debug|Any CPU.Build.0 = Debug|Any CPU
		{381BCB6E-F5CF-777C-1AED-4DA261403F4F}.Release|Any CPU.ActiveCfg = Release|Any CPU
		{381BCB6E-F5CF-777C-1AED-4DA261403F4F}.Release|Any CPU.Build.0 = Release|Any CPU
	EndGlobalSection
	GlobalSection(SolutionProperties) = preSolution
		HideSolutionNode = FALSE
	EndGlobalSection
	GlobalSection(NestedProjects) = preSolution
		{6F7BD4E0-E7F3-4235-987B-EDC52C2FE25B} = {08A352A6-C128-4679-980A-C9B658F182B4}
		{F86C1DA2-8F39-4D74-AC44-AFB86797C1AC} = {08A352A6-C128-4679-980A-C9B658F182B4}
		{B95F1406-17E2-4630-8116-750FFDA3A395} = {F86C1DA2-8F39-4D74-AC44-AFB86797C1AC}
		{381BCB6E-F5CF-777C-1AED-4DA261403F4F} = {F86C1DA2-8F39-4D74-AC44-AFB86797C1AC}
	EndGlobalSection
EndGlobal
