Microsoft Visual Studio Solution File, Format Version 12.00
# Visual Studio Version 17
VisualStudioVersion = 17.5.2.0
MinimumVisualStudioVersion = 10.0.40219.1
Project("{FAE04EC0-301F-11D3-BF4B-00C04F79EFBC}") = "IGLib.Graphics3D", "IGLib.Graphics3D.csproj", "{DA093F26-21E3-0803-7608-F22DB5F105DA}"
EndProject
Global
	GlobalSection(SolutionConfigurationPlatforms) = preSolution
		Debug|Any CPU = Debug|Any CPU
		Release|Any CPU = Release|Any CPU
	EndGlobalSection
	GlobalSection(ProjectConfigurationPlatforms) = postSolution
		{DA093F26-21E3-0803-7608-F22DB5F105DA}.Debug|Any CPU.ActiveCfg = Debug|Any CPU
		{DA093F26-21E3-0803-7608-F22DB5F105DA}.Debug|Any CPU.Build.0 = Debug|Any CPU
		{DA093F26-21E3-0803-7608-F22DB5F105DA}.Release|Any CPU.ActiveCfg = Release|Any CPU
		{DA093F26-21E3-0803-7608-F22DB5F105DA}.Release|Any CPU.Build.0 = Release|Any CPU
	EndGlobalSection
	GlobalSection(SolutionProperties) = preSolution
		HideSolutionNode = FALSE
	EndGlobalSection
	GlobalSection(ExtensibilityGlobals) = postSolution
		SolutionGuid = {03844E2C-01DA-4F5F-81E6-058C9E54F59C}
	EndGlobalSection
EndGlobal
